// !$*UTF8*$!
{
	archiveVersion = 1;
	classes = {
	};
	objectVersion = 46;
	objects = {

/* Begin PBXBuildFile section */
		8D7D2D501D632FC900B4179E /* AppDelegate.swift in Sources */ = {isa = PBXBuildFile; fileRef = 8D7D2D4F1D632FC900B4179E /* AppDelegate.swift */; };
		8D7D2D521D632FC900B4179E /* ViewController.swift in Sources */ = {isa = PBXBuildFile; fileRef = 8D7D2D511D632FC900B4179E /* ViewController.swift */; };
		8D7D2D551D632FCA00B4179E /* Main.storyboard in Resources */ = {isa = PBXBuildFile; fileRef = 8D7D2D531D632FCA00B4179E /* Main.storyboard */; };
		8D7D2D571D632FCA00B4179E /* Assets.xcassets in Resources */ = {isa = PBXBuildFile; fileRef = 8D7D2D561D632FCA00B4179E /* Assets.xcassets */; };
		8D7D2D5A1D632FCA00B4179E /* LaunchScreen.storyboard in Resources */ = {isa = PBXBuildFile; fileRef = 8D7D2D581D632FCA00B4179E /* LaunchScreen.storyboard */; };
		8D7D2D641D634C3900B4179E /* btn.wav in Resources */ = {isa = PBXBuildFile; fileRef = 8D7D2D631D634C3900B4179E /* btn.wav */; };
		8D7D2D661D634C4A00B4179E /* Minecraft.ttf in Resources */ = {isa = PBXBuildFile; fileRef = 8D7D2D651D634C4A00B4179E /* Minecraft.ttf */; };
/* End PBXBuildFile section */

/* Begin PBXFileReference section */
		8D7D2D4C1D632FC900B4179E /* RetroCalculator.app */ = {isa = PBXFileReference; explicitFileType = wrapper.application; includeInIndex = 0; path = RetroCalculator.app; sourceTree = BUILT_PRODUCTS_DIR; };
		8D7D2D4F1D632FC900B4179E /* AppDelegate.swift */ = {isa = PBXFileReference; lastKnownFileType = sourcecode.swift; path = AppDelegate.swift; sourceTree = "<group>"; };
		8D7D2D511D632FC900B4179E /* ViewController.swift */ = {isa = PBXFileReference; lastKnownFileType = sourcecode.swift; path = ViewController.swift; sourceTree = "<group>"; };
		8D7D2D541D632FCA00B4179E /* Base */ = {isa = PBXFileReference; lastKnownFileType = file.storyboard; name = Base; path = Base.lproj/Main.storyboard; sourceTree = "<group>"; };
		8D7D2D561D632FCA00B4179E /* Assets.xcassets */ = {isa = PBXFileReference; lastKnownFileType = folder.assetcatalog; path = Assets.xcassets; sourceTree = "<group>"; };
		8D7D2D591D632FCA00B4179E /* Base */ = {isa = PBXFileReference; lastKnownFileType = file.storyboard; name = Base; path = Base.lproj/LaunchScreen.storyboard; sourceTree = "<group>"; };
		8D7D2D5B1D632FCA00B4179E /* Info.plist */ = {isa = PBXFileReference; lastKnownFileType = text.plist.xml; path = Info.plist; sourceTree = "<group>"; };
		8D7D2D631D634C3900B4179E /* btn.wav */ = {isa = PBXFileReference; lastKnownFileType = audio.wav; path = btn.wav; sourceTree = "<group>"; };
		8D7D2D651D634C4A00B4179E /* Minecraft.ttf */ = {isa = PBXFileReference; lastKnownFileType = file; path = Minecraft.ttf; sourceTree = "<group>"; };
/* End PBXFileReference section */

/* Begin PBXFrameworksBuildPhase section */
		8D7D2D491D632FC900B4179E /* Frameworks */ = {
			isa = PBXFrameworksBuildPhase;
			buildActionMask = 2147483647;
			files = (
			);
			runOnlyForDeploymentPostprocessing = 0;
		};
/* End PBXFrameworksBuildPhase section */

/* Begin PBXGroup section */
		8D7D2D431D632FC900B4179E = {
			isa = PBXGroup;
			children = (
				8D7D2D4E1D632FC900B4179E /* RetroCalculator */,
				8D7D2D4D1D632FC900B4179E /* Products */,
			);
			sourceTree = "<group>";
		};
		8D7D2D4D1D632FC900B4179E /* Products */ = {
			isa = PBXGroup;
			children = (
				8D7D2D4C1D632FC900B4179E /* RetroCalculator.app */,
			);
			name = Products;
			sourceTree = "<group>";
		};
		8D7D2D4E1D632FC900B4179E /* RetroCalculator */ = {
			isa = PBXGroup;
			children = (
				8D7D2D651D634C4A00B4179E /* Minecraft.ttf */,
				8D7D2D631D634C3900B4179E /* btn.wav */,
				8D7D2D4F1D632FC900B4179E /* AppDelegate.swift */,
				8D7D2D511D632FC900B4179E /* ViewController.swift */,
				8D7D2D531D632FCA00B4179E /* Main.storyboard */,
				8D7D2D561D632FCA00B4179E /* Assets.xcassets */,
				8D7D2D581D632FCA00B4179E /* LaunchScreen.storyboard */,
				8D7D2D5B1D632FCA00B4179E /* Info.plist */,
			);
			path = RetroCalculator;
			sourceTree = "<group>";
		};
/* End PBXGroup section */

/* Begin PBXNativeTarget section */
		8D7D2D4B1D632FC900B4179E /* RetroCalculator */ = {
			isa = PBXNativeTarget;
			buildConfigurationList = 8D7D2D5E1D632FCA00B4179E /* Build configuration list for PBXNativeTarget "RetroCalculator" */;
			buildPhases = (
				8D7D2D481D632FC900B4179E /* Sources */,
				8D7D2D491D632FC900B4179E /* Frameworks */,
				8D7D2D4A1D632FC900B4179E /* Resources */,
			);
			buildRules = (
			);
			dependencies = (
			);
			name = RetroCalculator;
			productName = RetroCalculator;
			productReference = 8D7D2D4C1D632FC900B4179E /* RetroCalculator.app */;
			productType = "com.apple.product-type.application";
		};
/* End PBXNativeTarget section */

/* Begin PBXProject section */
		8D7D2D441D632FC900B4179E /* Project object */ = {
			isa = PBXProject;
			attributes = {
				LastSwiftUpdateCheck = 0800;
				LastUpgradeCheck = 0800;
				ORGANIZATIONNAME = "Fabio Cipriani";
				TargetAttributes = {
					8D7D2D4B1D632FC900B4179E = {
						CreatedOnToolsVersion = 8.0;
						DevelopmentTeam = 2G7GKVJVL4;
						ProvisioningStyle = Automatic;
					};
				};
			};
			buildConfigurationList = 8D7D2D471D632FC900B4179E /* Build configuration list for PBXProject "RetroCalculator" */;
			compatibilityVersion = "Xcode 3.2";
			developmentRegion = English;
			hasScannedForEncodings = 0;
			knownRegions = (
				en,
				Base,
			);
			mainGroup = 8D7D2D431D632FC900B4179E;
			productRefGroup = 8D7D2D4D1D632FC900B4179E /* Products */;
			projectDirPath = "";
			projectRoot = "";
			targets = (
				8D7D2D4B1D632FC900B4179E /* RetroCalculator */,
			);
		};
/* End PBXProject section */

/* Begin PBXResourcesBuildPhase section */
		8D7D2D4A1D632FC900B4179E /* Resources */ = {
			isa = PBXResourcesBuildPhase;
			buildActionMask = 2147483647;
			files = (
				8D7D2D661D634C4A00B4179E /* Minecraft.ttf in Resources */,
				8D7D2D641D634C3900B4179E /* btn.wav in Resources */,
				8D7D2D5A1D632FCA00B4179E /* LaunchScreen.storyboard in Resources */,
				8D7D2D571D632FCA00B4179E /* Assets.xcassets in Resources */,
				8D7D2D551D632FCA00B4179E /* Main.storyboard in Resources */,
			);
			runOnlyForDeploymentPostprocessing = 0;
		};
/* End PBXResourcesBuildPhase section */

/* Begin PBXSourcesBuildPhase section */
		8D7D2D481D632FC900B4179E /* Sources */ = {
			isa = PBXSourcesBuildPhase;
			buildActionMask = 2147483647;
			files = (
				8D7D2D521D632FC900B4179E /* ViewController.swift in Sources */,
				8D7D2D501D632FC900B4179E /* AppDelegate.swift in Sources */,
			);
			runOnlyForDeploymentPostprocessing = 0;
		};
/* End PBXSourcesBuildPhase section */

/* Begin PBXVariantGroup section */
		8D7D2D531D632FCA00B4179E /* Main.storyboard */ = {
			isa = PBXVariantGroup;
			children = (
				8D7D2D541D632FCA00B4179E /* Base */,
			);
			name = Main.storyboard;
			sourceTree = "<group>";
		};
		8D7D2D581D632FCA00B4179E /* LaunchScreen.storyboard */ = {
			isa = PBXVariantGroup;
			children = (
				8D7D2D591D632FCA00B4179E /* Base */,
			);
			name = LaunchScreen.storyboard;
			sourceTree = "<group>";
		};
/* End PBXVariantGroup section */

/* Begin XCBuildConfiguration section */
		8D7D2D5C1D632FCA00B4179E /* Debug */ = {
			isa = XCBuildConfiguration;
			buildSettings = {
				ALWAYS_SEARCH_USER_PATHS = NO;
				CLANG_ANALYZER_NONNULL = YES;
				CLANG_CXX_LANGUAGE_STANDARD = "gnu++0x";
				CLANG_CXX_LIBRARY = "libc++";
				CLANG_ENABLE_MODULES = YES;
				CLANG_ENABLE_OBJC_ARC = YES;
				CLANG_WARN_BOOL_CONVERSION = YES;
				CLANG_WARN_CONSTANT_CONVERSION = YES;
				CLANG_WARN_DIRECT_OBJC_ISA_USAGE = YES_ERROR;
				CLANG_WARN_DOCUMENTATION_COMMENTS = YES;
				CLANG_WARN_EMPTY_BODY = YES;
				CLANG_WARN_ENUM_CONVERSION = YES;
				CLANG_WARN_INFINITE_RECURSION = YES;
				CLANG_WARN_INT_CONVERSION = YES;
				CLANG_WARN_OBJC_ROOT_CLASS = YES_ERROR;
				CLANG_WARN_SUSPICIOUS_MOVES = YES;
				CLANG_WARN_UNREACHABLE_CODE = YES;
				CLANG_WARN__DUPLICATE_METHOD_MATCH = YES;
				"CODE_SIGN_IDENTITY[sdk=iphoneos*]" = "iPhone Developer";
				COPY_PHASE_STRIP = NO;
				DEBUG_INFORMATION_FORMAT = dwarf;
				ENABLE_STRICT_OBJC_MSGSEND = YES;
				ENABLE_TESTABILITY = YES;
				GCC_C_LANGUAGE_STANDARD = gnu99;
				GCC_DYNAMIC_NO_PIC = NO;
				GCC_NO_COMMON_BLOCKS = YES;
				GCC_OPTIMIZATION_LEVEL = 0;
				GCC_PREPROCESSOR_DEFINITIONS = (
					"DEBUG=1",
					"$(inherited)",
				);
				GCC_WARN_64_TO_32_BIT_CONVERSION = YES;
				GCC_WARN_ABOUT_RETURN_TYPE = YES_ERROR;
				GCC_WARN_UNDECLARED_SELECTOR = YES;
				GCC_WARN_UNINITIALIZED_AUTOS = YES_AGGRESSIVE;
				GCC_WARN_UNUSED_FUNCTION = YES;
				GCC_WARN_UNUSED_VARIABLE = YES;
				IPHONEOS_DEPLOYMENT_TARGET = 10.0;
				MTL_ENABLE_DEBUG_INFO = YES;
				ONLY_ACTIVE_ARCH = YES;
				SDKROOT = iphoneos;
				SWIFT_ACTIVE_COMPILATION_CONDITIONS = DEBUG;
				SWIFT_OPTIMIZATION_LEVEL = "-Onone";
				TARGETED_DEVICE_FAMILY = "1,2";
			};
			name = Debug;
		};
		8D7D2D5D1D632FCA00B4179E /* Release */ = {
			isa = XCBuildConfiguration;
			buildSettings = {
				ALWAYS_SEARCH_USER_PATHS = NO;
				CLANG_ANALYZER_NONNULL = YES;
				CLANG_CXX_LANGUAGE_STANDARD = "gnu++0x";
				CLANG_CXX_LIBRARY = "libc++";
				CLANG_ENABLE_MODULES = YES;
				CLANG_ENABLE_OBJC_ARC = YES;
				CLANG_WARN_BOOL_CONVERSION = YES;
				CLANG_WARN_CONSTANT_CONVERSION = YES;
				CLANG_WARN_DIRECT_OBJC_ISA_USAGE = YES_ERROR;
				CLANG_WARN_DOCUMENTATION_COMMENTS = YES;
				CLANG_WARN_EMPTY_BODY = YES;
				CLANG_WARN_ENUM_CONVERSION = YES;
				CLANG_WARN_INFINITE_RECURSION = YES;
				CLANG_WARN_INT_CONVERSION = YES;
				CLANG_WARN_OBJC_ROOT_CLASS = YES_ERROR;
				CLANG_WARN_SUSPICIOUS_MOVES = YES;
				CLANG_WARN_UNREACHABLE_CODE = YES;
				CLANG_WARN__DUPLICATE_METHOD_MATCH = YES;
				"CODE_SIGN_IDENTITY[sdk=iphoneos*]" = "iPhone Developer";
				COPY_PHASE_STRIP = NO;
				DEBUG_INFORMATION_FORMAT = "dwarf-with-dsym";
				ENABLE_NS_ASSERTIONS = NO;
				ENABLE_STRICT_OBJC_MSGSEND = YES;
				GCC_C_LANGUAGE_STANDARD = gnu99;
				GCC_NO_COMMON_BLOCKS = YES;
				GCC_WARN_64_TO_32_BIT_CONVERSION = YES;
				GCC_WARN_ABOUT_RETURN_TYPE = YES_ERROR;
				GCC_WARN_UNDECLARED_SELECTOR = YES;
				GCC_WARN_UNINITIALIZED_AUTOS = YES_AGGRESSIVE;
				GCC_WARN_UNUSED_FUNCTION = YES;
				GCC_WARN_UNUSED_VARIABLE = YES;
				IPHONEOS_DEPLOYMENT_TARGET = 10.0;
				MTL_ENABLE_DEBUG_INFO = NO;
				SDKROOT = iphoneos;
				SWIFT_OPTIMIZATION_LEVEL = "-Owholemodule";
				TARGETED_DEVICE_FAMILY = "1,2";
				VALIDATE_PRODUCT = YES;
			};
			name = Release;
		};
		8D7D2D5F1D632FCA00B4179E /* Debug */ = {
			isa = XCBuildConfiguration;
			buildSettings = {
				ASSETCATALOG_COMPILER_APPICON_NAME = AppIcon;
				DEVELOPMENT_TEAM = 2G7GKVJVL4;
				INFOPLIST_FILE = RetroCalculator/Info.plist;
				LD_RUNPATH_SEARCH_PATHS = "$(inherited) @executable_path/Frameworks";
				PRODUCT_BUNDLE_IDENTIFIER = com.cipriani.RetroCalculator;
				PRODUCT_NAME = "$(TARGET_NAME)";
				SWIFT_VERSION = 3.0;
			};
			name = Debug;
		};
		8D7D2D601D632FCA00B4179E /* Release */ = {
			isa = XCBuildConfiguration;
			buildSettings = {
				ASSETCATALOG_COMPILER_APPICON_NAME = AppIcon;
				DEVELOPMENT_TEAM = 2G7GKVJVL4;
				INFOPLIST_FILE = RetroCalculator/Info.plist;
				LD_RUNPATH_SEARCH_PATHS = "$(inherited) @executable_path/Frameworks";
				PRODUCT_BUNDLE_IDENTIFIER = com.cipriani.RetroCalculator;
				PRODUCT_NAME = "$(TARGET_NAME)";
				SWIFT_VERSION = 3.0;
			};
			name = Release;
		};
/* End XCBuildConfiguration section */

/* Begin XCConfigurationList section */
		8D7D2D471D632FC900B4179E /* Build configuration list for PBXProject "RetroCalculator" */ = {
			isa = XCConfigurationList;
			buildConfigurations = (
				8D7D2D5C1D632FCA00B4179E /* Debug */,
				8D7D2D5D1D632FCA00B4179E /* Release */,
			);
			defaultConfigurationIsVisible = 0;
			defaultConfigurationName = Release;
		};
		8D7D2D5E1D632FCA00B4179E /* Build configuration list for PBXNativeTarget "RetroCalculator" */ = {
			isa = XCConfigurationList;
			buildConfigurations = (
				8D7D2D5F1D632FCA00B4179E /* Debug */,
				8D7D2D601D632FCA00B4179E /* Release */,
			);
			defaultConfigurationIsVisible = 0;
		};
/* End XCConfigurationList section */
	};
	rootObject = 8D7D2D441D632FC900B4179E /* Project object */;
}
